{
  "name": "archipel-mlh-hackaton",
  "version": "1.0.0",
  "lockfileVersion": 3,
  "requires": true,
  "packages": {
    "": {
      "name": "archipel-mlh-hackaton",
      "version": "1.0.0",
      "license": "ISC",
      "dependencies": {
        "busboy": "^1.6.0",
        "dotenv": "^17.3.1",
        "libsodium-wrappers": "^0.8.2"
      }
    },
    "node_modules/busboy": {
      "version": "1.6.0",
      "resolved": "https://registry.npmjs.org/busboy/-/busboy-1.6.0.tgz",
      "integrity": "sha512-8SFQbg/0hQ9xy3UNTB0YEnsNBbWfhf7RtnzpL7TkBiTBRfrQ9Fxcnz7VJsleJpyp6rVLvXiuORqjlHi5q+PYuA==",
      "dependencies": {
        "streamsearch": "^1.1.0"
      },
      "engines": {
        "node": ">=10.16.0"
      }
    },
    "node_modules/dotenv": {
      "version": "17.3.1",
      "resolved": "https://registry.npmjs.org/dotenv/-/dotenv-17.3.1.tgz",
      "integrity": "sha512-IO8C/dzEb6O3F9/twg6ZLXz164a2fhTnEWb95H23Dm4OuN+92NmEAlTrupP9VW6Jm3sO26tQlqyvyi4CsnY9GA==",
      "license": "BSD-2-Clause",
      "engines": {
        "node": ">=12"
      },
      "funding": {
        "url": "https://dotenvx.com"
      }
    },
    "node_modules/libsodium": {
      "version": "0.8.2",
      "resolved": "https://registry.npmjs.org/libsodium/-/libsodium-0.8.2.tgz",
      "integrity": "sha512-TsnGYMoZtpweT+kR+lOv5TVsnJ/9U0FZOsLFzFOMWmxqOAYXjX3fsrPAW+i1LthgDKXJnI9A8dWEanT1tnJKIw==",
      "license": "ISC"
    },
    "node_modules/libsodium-wrappers": {
      "version": "0.8.2",
      "resolved": "https://registry.npmjs.org/libsodium-wrappers/-/libsodium-wrappers-0.8.2.tgz",
      "integrity": "sha512-VFLmfxkxo+U9q60tjcnSomQBRx2UzlRjKWJqvB4K1pUqsMQg4cu3QXA2nrcsj9A1qRsnJBbi2Ozx1hsiDoCkhw==",
      "license": "ISC",
      "dependencies": {
        "libsodium": "^0.8.0"
      }
    },
    "node_modules/streamsearch": {
      "version": "1.1.0",
      "resolved": "https://registry.npmjs.org/streamsearch/-/streamsearch-1.1.0.tgz",
      "integrity": "sha512-Mcc5wHehp9aXz1ax6bZUyY5afg9u2rv5cqQI3mRrYkGC8rW2hM02jWuwjtL++LS5qinSyhj2QfLyNsuc+VsExg==",
      "engines": {
        "node": ">=10.0.0"
      }
    }
  }
}
